
Microsoft Visual Studio Solution File, Format Version 12.00
# Visual Studio Version 17
VisualStudioVersion = 17.3.32901.215
MinimumVisualStudioVersion = 10.0.40219.1
Project("{FAE04EC0-301F-11D3-BF4B-00C04F79EFBC}") = "HWFigure", "HWFigure\HWFigure.csproj", "{BBA22956-6747-4AF9-8D70-F20B7650EDFF}"
EndProject
Global
	GlobalSection(SolutionConfigurationPlatforms) = preSolution
		Debug|Any CPU = Debug|Any CPU
		Release|Any CPU = Release|Any CPU
	EndGlobalSection
	GlobalSection(ProjectConfigurationPlatforms) = postSolution
		{BBA22956-6747-4AF9-8D70-F20B7650EDFF}.Debug|Any CPU.ActiveCfg = Debug|Any CPU
		{BBA22956-6747-4AF9-8D70-F20B7650EDFF}.Debug|Any CPU.Build.0 = Debug|Any CPU
		{BBA22956-6747-4AF9-8D70-F20B7650EDFF}.Release|Any CPU.ActiveCfg = Release|Any CPU
		{BBA22956-6747-4AF9-8D70-F20B7650EDFF}.Release|Any CPU.Build.0 = Release|Any CPU
	EndGlobalSection
	GlobalSection(SolutionProperties) = preSolution
		HideSolutionNode = FALSE
	EndGlobalSection
	GlobalSection(ExtensibilityGlobals) = postSolution
		SolutionGuid = {F90529DB-0B44-4B32-8363-40C0230DFFC1}
	EndGlobalSection
EndGlobal
